Microsoft Visual Studio Solution File, Format Version 12.00
# Visual Studio Version 17
VisualStudioVersion = 17.5.2.0
MinimumVisualStudioVersion = 10.0.40219.1
Project("{FAE04EC0-301F-11D3-BF4B-00C04F79EFBC}") = "battle", "battle.csproj", "{47C891F3-1D2A-0AA2-5DF6-92B2C0814DF8}"
EndProject
Global
	GlobalSection(SolutionConfigurationPlatforms) = preSolution
		Debug|Any CPU = Debug|Any CPU
		Release|Any CPU = Release|Any CPU
	EndGlobalSection
	GlobalSection(ProjectConfigurationPlatforms) = postSolution
		{47C891F3-1D2A-0AA2-5DF6-92B2C0814DF8}.Debug|Any CPU.ActiveCfg = Debug|Any CPU
		{47C891F3-1D2A-0AA2-5DF6-92B2C0814DF8}.Debug|Any CPU.Build.0 = Debug|Any CPU
		{47C891F3-1D2A-0AA2-5DF6-92B2C0814DF8}.Release|Any CPU.ActiveCfg = Release|Any CPU
		{47C891F3-1D2A-0AA2-5DF6-92B2C0814DF8}.Release|Any CPU.Build.0 = Release|Any CPU
	EndGlobalSection
	GlobalSection(SolutionProperties) = preSolution
		HideSolutionNode = FALSE
	EndGlobalSection
	GlobalSection(ExtensibilityGlobals) = postSolution
		SolutionGuid = {04247A34-8A22-4FD9-8211-FC2DE048A188}
	EndGlobalSection
EndGlobal
